// !$*UTF8*$!
{
	archiveVersion = 1;
	classes = {
	};
	objectVersion = 50;
	objects = {

/* Begin PBXBuildFile section */
		D981145825426B1300CE2FE1 /* LaureateTableViewCell.xib in Resources */ = {isa = PBXBuildFile; fileRef = D981145725426B1300CE2FE1 /* LaureateTableViewCell.xib */; };
		D981145B254270D800CE2FE1 /* LaureateTableViewCell.swift in Sources */ = {isa = PBXBuildFile; fileRef = D981145A254270D800CE2FE1 /* LaureateTableViewCell.swift */; };
		D9CE62502541102C00DA6673 /* AppDelegate.swift in Sources */ = {isa = PBXBuildFile; fileRef = D9CE624F2541102C00DA6673 /* AppDelegate.swift */; };
		D9CE62522541102C00DA6673 /* SceneDelegate.swift in Sources */ = {isa = PBXBuildFile; fileRef = D9CE62512541102C00DA6673 /* SceneDelegate.swift */; };
		D9CE62542541102C00DA6673 /* ViewController.swift in Sources */ = {isa = PBXBuildFile; fileRef = D9CE62532541102C00DA6673 /* ViewController.swift */; };
		D9CE62572541102C00DA6673 /* Main.storyboard in Resources */ = {isa = PBXBuildFile; fileRef = D9CE62552541102C00DA6673 /* Main.storyboard */; };
		D9CE62592541102D00DA6673 /* Assets.xcassets in Resources */ = {isa = PBXBuildFile; fileRef = D9CE62582541102D00DA6673 /* Assets.xcassets */; };
		D9CE625C2541102D00DA6673 /* LaunchScreen.storyboard in Resources */ = {isa = PBXBuildFile; fileRef = D9CE625A2541102D00DA6673 /* LaunchScreen.storyboard */; };
		D9CE62652541110400DA6673 /* nobel-prize-laureates.json in Resources */ = {isa = PBXBuildFile; fileRef = D9CE62642541110400DA6673 /* nobel-prize-laureates.json */; };
		D9CE626D254111B400DA6673 /* LaureatesModel.swift in Sources */ = {isa = PBXBuildFile; fileRef = D9CE626C254111B400DA6673 /* LaureatesModel.swift */; };
		D9CE629725411E3900DA6673 /* Extensions.swift in Sources */ = {isa = PBXBuildFile; fileRef = D9CE629625411E3900DA6673 /* Extensions.swift */; };
		D9CE629B254120C300DA6673 /* LocationManager.swift in Sources */ = {isa = PBXBuildFile; fileRef = D9CE629A254120C300DA6673 /* LocationManager.swift */; };
		D9CE629F2541C5AB00DA6673 /* LoadingIndicatorView.swift in Sources */ = {isa = PBXBuildFile; fileRef = D9CE629E2541C5AB00DA6673 /* LoadingIndicatorView.swift */; };
		D9CE62BF2541D3A700DA6673 /* SelectSpaceTimeViewController.swift in Sources */ = {isa = PBXBuildFile; fileRef = D9CE62BE2541D3A700DA6673 /* SelectSpaceTimeViewController.swift */; };
/* End PBXBuildFile section */

/* Begin PBXFileReference section */
		D981145725426B1300CE2FE1 /* LaureateTableViewCell.xib */ = {isa = PBXFileReference; lastKnownFileType = file.xib; path = LaureateTableViewCell.xib; sourceTree = "<group>"; };
		D981145A254270D800CE2FE1 /* LaureateTableViewCell.swift */ = {isa = PBXFileReference; lastKnownFileType = sourcecode.swift; path = LaureateTableViewCell.swift; sourceTree = "<group>"; };
		D9CE624C2541102C00DA6673 /* Nobel TT.app */ = {isa = PBXFileReference; explicitFileType = wrapper.application; includeInIndex = 0; path = "Nobel TT.app"; sourceTree = BUILT_PRODUCTS_DIR; };
		D9CE624F2541102C00DA6673 /* AppDelegate.swift */ = {isa = PBXFileReference; lastKnownFileType = sourcecode.swift; path = AppDelegate.swift; sourceTree = "<group>"; };
		D9CE62512541102C00DA6673 /* SceneDelegate.swift */ = {isa = PBXFileReference; lastKnownFileType = sourcecode.swift; path = SceneDelegate.swift; sourceTree = "<group>"; };
		D9CE62532541102C00DA6673 /* ViewController.swift */ = {isa = PBXFileReference; lastKnownFileType = sourcecode.swift; path = ViewController.swift; sourceTree = "<group>"; };
		D9CE62562541102C00DA6673 /* Base */ = {isa = PBXFileReference; lastKnownFileType = file.storyboard; name = Base; path = Base.lproj/Main.storyboard; sourceTree = "<group>"; };
		D9CE62582541102D00DA6673 /* Assets.xcassets */ = {isa = PBXFileReference; lastKnownFileType = folder.assetcatalog; path = Assets.xcassets; sourceTree = "<group>"; };
		D9CE625B2541102D00DA6673 /* Base */ = {isa = PBXFileReference; lastKnownFileType = file.storyboard; name = Base; path = Base.lproj/LaunchScreen.storyboard; sourceTree = "<group>"; };
		D9CE625D2541102D00DA6673 /* Info.plist */ = {isa = PBXFileReference; lastKnownFileType = text.plist.xml; path = Info.plist; sourceTree = "<group>"; };
		D9CE62642541110400DA6673 /* nobel-prize-laureates.json */ = {isa = PBXFileReference; fileEncoding = 4; lastKnownFileType = text.json; path = "nobel-prize-laureates.json"; sourceTree = "<group>"; };
		D9CE626C254111B400DA6673 /* LaureatesModel.swift */ = {isa = PBXFileReference; lastKnownFileType = sourcecode.swift; path = LaureatesModel.swift; sourceTree = "<group>"; };
		D9CE629625411E3900DA6673 /* Extensions.swift */ = {isa = PBXFileReference; lastKnownFileType = sourcecode.swift; path = Extensions.swift; sourceTree = "<group>"; };
		D9CE629A254120C300DA6673 /* LocationManager.swift */ = {isa = PBXFileReference; lastKnownFileType = sourcecode.swift; path = LocationManager.swift; sourceTree = "<group>"; };
		D9CE629E2541C5AB00DA6673 /* LoadingIndicatorView.swift */ = {isa = PBXFileReference; fileEncoding = 4; lastKnownFileType = sourcecode.swift; path = LoadingIndicatorView.swift; sourceTree = "<group>"; };
		D9CE62BE2541D3A700DA6673 /* SelectSpaceTimeViewController.swift */ = {isa = PBXFileReference; lastKnownFileType = sourcecode.swift; path = SelectSpaceTimeViewController.swift; sourceTree = "<group>"; };
/* End PBXFileReference section */

/* Begin PBXFrameworksBuildPhase section */
		D9CE62492541102C00DA6673 /* Frameworks */ = {
			isa = PBXFrameworksBuildPhase;
			buildActionMask = 2147483647;
			files = (
			);
			runOnlyForDeploymentPostprocessing = 0;
		};
/* End PBXFrameworksBuildPhase section */

/* Begin PBXGroup section */
		D9CE62432541102C00DA6673 = {
			isa = PBXGroup;
			children = (
				D9CE624E2541102C00DA6673 /* Nobel TT */,
				D9CE624D2541102C00DA6673 /* Products */,
			);
			sourceTree = "<group>";
		};
		D9CE624D2541102C00DA6673 /* Products */ = {
			isa = PBXGroup;
			children = (
				D9CE624C2541102C00DA6673 /* Nobel TT.app */,
			);
			name = Products;
			sourceTree = "<group>";
		};
		D9CE624E2541102C00DA6673 /* Nobel TT */ = {
			isa = PBXGroup;
			children = (
				D9CE62642541110400DA6673 /* nobel-prize-laureates.json */,
				D9CE624F2541102C00DA6673 /* AppDelegate.swift */,
				D9CE62512541102C00DA6673 /* SceneDelegate.swift */,
				D9CE62532541102C00DA6673 /* ViewController.swift */,
				D9CE62BE2541D3A700DA6673 /* SelectSpaceTimeViewController.swift */,
				D9CE62552541102C00DA6673 /* Main.storyboard */,
				D9CE62582541102D00DA6673 /* Assets.xcassets */,
				D9CE625A2541102D00DA6673 /* LaunchScreen.storyboard */,
				D9CE625D2541102D00DA6673 /* Info.plist */,
				D9CE626C254111B400DA6673 /* LaureatesModel.swift */,
				D9CE629A254120C300DA6673 /* LocationManager.swift */,
				D9CE629E2541C5AB00DA6673 /* LoadingIndicatorView.swift */,
				D9CE629625411E3900DA6673 /* Extensions.swift */,
				D981145725426B1300CE2FE1 /* LaureateTableViewCell.xib */,
				D981145A254270D800CE2FE1 /* LaureateTableViewCell.swift */,
			);
			path = "Nobel TT";
			sourceTree = "<group>";
		};
/* End PBXGroup section */

/* Begin PBXNativeTarget section */
		D9CE624B2541102C00DA6673 /* Nobel TT */ = {
			isa = PBXNativeTarget;
			buildConfigurationList = D9CE62602541102D00DA6673 /* Build configuration list for PBXNativeTarget "Nobel TT" */;
			buildPhases = (
				D9CE62482541102C00DA6673 /* Sources */,
				D9CE62492541102C00DA6673 /* Frameworks */,
				D9CE624A2541102C00DA6673 /* Resources */,
			);
			buildRules = (
			);
			dependencies = (
			);
			name = "Nobel TT";
			productName = "Nobel TT";
			productReference = D9CE624C2541102C00DA6673 /* Nobel TT.app */;
			productType = "com.apple.product-type.application";
		};
/* End PBXNativeTarget section */

/* Begin PBXProject section */
		D9CE62442541102C00DA6673 /* Project object */ = {
			isa = PBXProject;
			attributes = {
				LastSwiftUpdateCheck = 1210;
				LastUpgradeCheck = 1210;
				TargetAttributes = {
					D9CE624B2541102C00DA6673 = {
						CreatedOnToolsVersion = 12.1;
					};
				};
			};
			buildConfigurationList = D9CE62472541102C00DA6673 /* Build configuration list for PBXProject "Nobel TT" */;
			compatibilityVersion = "Xcode 9.3";
			developmentRegion = en;
			hasScannedForEncodings = 0;
			knownRegions = (
				en,
				Base,
			);
			mainGroup = D9CE62432541102C00DA6673;
			productRefGroup = D9CE624D2541102C00DA6673 /* Products */;
			projectDirPath = "";
			projectRoot = "";
			targets = (
				D9CE624B2541102C00DA6673 /* Nobel TT */,
			);
		};
/* End PBXProject section */

/* Begin PBXResourcesBuildPhase section */
		D9CE624A2541102C00DA6673 /* Resources */ = {
			isa = PBXResourcesBuildPhase;
			buildActionMask = 2147483647;
			files = (
				D9CE62652541110400DA6673 /* nobel-prize-laureates.json in Resources */,
				D9CE625C2541102D00DA6673 /* LaunchScreen.storyboard in Resources */,
				D9CE62592541102D00DA6673 /* Assets.xcassets in Resources */,
				D981145825426B1300CE2FE1 /* LaureateTableViewCell.xib in Resources */,
				D9CE62572541102C00DA6673 /* Main.storyboard in Resources */,
			);
			runOnlyForDeploymentPostprocessing = 0;
		};
/* End PBXResourcesBuildPhase section */

/* Begin PBXSourcesBuildPhase section */
		D9CE62482541102C00DA6673 /* Sources */ = {
			isa = PBXSourcesBuildPhase;
			buildActionMask = 2147483647;
			files = (
				D9CE62BF2541D3A700DA6673 /* SelectSpaceTimeViewController.swift in Sources */,
				D981145B254270D800CE2FE1 /* LaureateTableViewCell.swift in Sources */,
				D9CE629725411E3900DA6673 /* Extensions.swift in Sources */,
				D9CE62542541102C00DA6673 /* ViewController.swift in Sources */,
				D9CE629B254120C300DA6673 /* LocationManager.swift in Sources */,
				D9CE62502541102C00DA6673 /* AppDelegate.swift in Sources */,
				D9CE629F2541C5AB00DA6673 /* LoadingIndicatorView.swift in Sources */,
				D9CE626D254111B400DA6673 /* LaureatesModel.swift in Sources */,
				D9CE62522541102C00DA6673 /* SceneDelegate.swift in Sources */,
			);
			runOnlyForDeploymentPostprocessing = 0;
		};
/* End PBXSourcesBuildPhase section */

/* Begin PBXVariantGroup section */
		D9CE62552541102C00DA6673 /* Main.storyboard */ = {
			isa = PBXVariantGroup;
			children = (
				D9CE62562541102C00DA6673 /* Base */,
			);
			name = Main.storyboard;
			sourceTree = "<group>";
		};
		D9CE625A2541102D00DA6673 /* LaunchScreen.storyboard */ = {
			isa = PBXVariantGroup;
			children = (
				D9CE625B2541102D00DA6673 /* Base */,
			);
			name = LaunchScreen.storyboard;
			sourceTree = "<group>";
		};
/* End PBXVariantGroup section */

/* Begin XCBuildConfiguration section */
		D9CE625E2541102D00DA6673 /* Debug */ = {
			isa = XCBuildConfiguration;
			buildSettings = {
				ALWAYS_SEARCH_USER_PATHS = NO;
				CLANG_ANALYZER_NONNULL = YES;
				CLANG_ANALYZER_NUMBER_OBJECT_CONVERSION = YES_AGGRESSIVE;
				CLANG_CXX_LANGUAGE_STANDARD = "gnu++14";
				CLANG_CXX_LIBRARY = "libc++";
				CLANG_ENABLE_MODULES = YES;
				CLANG_ENABLE_OBJC_ARC = YES;
				CLANG_ENABLE_OBJC_WEAK = YES;
				CLANG_WARN_BLOCK_CAPTURE_AUTORELEASING = YES;
				CLANG_WARN_BOOL_CONVERSION = YES;
				CLANG_WARN_COMMA = YES;
				CLANG_WARN_CONSTANT_CONVERSION = YES;
				CLANG_WARN_DEPRECATED_OBJC_IMPLEMENTATIONS = YES;
				CLANG_WARN_DIRECT_OBJC_ISA_USAGE = YES_ERROR;
				CLANG_WARN_DOCUMENTATION_COMMENTS = YES;
				CLANG_WARN_EMPTY_BODY = YES;
				CLANG_WARN_ENUM_CONVERSION = YES;
				CLANG_WARN_INFINITE_RECURSION = YES;
				CLANG_WARN_INT_CONVERSION = YES;
				CLANG_WARN_NON_LITERAL_NULL_CONVERSION = YES;
				CLANG_WARN_OBJC_IMPLICIT_RETAIN_SELF = YES;
				CLANG_WARN_OBJC_LITERAL_CONVERSION = YES;
				CLANG_WARN_OBJC_ROOT_CLASS = YES_ERROR;
				CLANG_WARN_QUOTED_INCLUDE_IN_FRAMEWORK_HEADER = YES;
				CLANG_WARN_RANGE_LOOP_ANALYSIS = YES;
				CLANG_WARN_STRICT_PROTOTYPES = YES;
				CLANG_WARN_SUSPICIOUS_MOVE = YES;
				CLANG_WARN_UNGUARDED_AVAILABILITY = YES_AGGRESSIVE;
				CLANG_WARN_UNREACHABLE_CODE = YES;
				CLANG_WARN__DUPLICATE_METHOD_MATCH = YES;
				COPY_PHASE_STRIP = NO;
				DEBUG_INFORMATION_FORMAT = dwarf;
				ENABLE_STRICT_OBJC_MSGSEND = YES;
				ENABLE_TESTABILITY = YES;
				GCC_C_LANGUAGE_STANDARD = gnu11;
				GCC_DYNAMIC_NO_PIC = NO;
				GCC_NO_COMMON_BLOCKS = YES;
				GCC_OPTIMIZATION_LEVEL = 0;
				GCC_PREPROCESSOR_DEFINITIONS = (
					"DEBUG=1",
					"$(inherited)",
				);
				GCC_WARN_64_TO_32_BIT_CONVERSION = YES;
				GCC_WARN_ABOUT_RETURN_TYPE = YES_ERROR;
				GCC_WARN_UNDECLARED_SELECTOR = YES;
				GCC_WARN_UNINITIALIZED_AUTOS = YES_AGGRESSIVE;
				GCC_WARN_UNUSED_FUNCTION = YES;
				GCC_WARN_UNUSED_VARIABLE = YES;
				IPHONEOS_DEPLOYMENT_TARGET = 14.1;
				MTL_ENABLE_DEBUG_INFO = INCLUDE_SOURCE;
				MTL_FAST_MATH = YES;
				ONLY_ACTIVE_ARCH = YES;
				SDKROOT = iphoneos;
				SWIFT_ACTIVE_COMPILATION_CONDITIONS = DEBUG;
				SWIFT_OPTIMIZATION_LEVEL = "-Onone";
			};
			name = Debug;
		};
		D9CE625F2541102D00DA6673 /* Release */ = {
			isa = XCBuildConfiguration;
			buildSettings = {
				ALWAYS_SEARCH_USER_PATHS = NO;
				CLANG_ANALYZER_NONNULL = YES;
				CLANG_ANALYZER_NUMBER_OBJECT_CONVERSION = YES_AGGRESSIVE;
				CLANG_CXX_LANGUAGE_STANDARD = "gnu++14";
				CLANG_CXX_LIBRARY = "libc++";
				CLANG_ENABLE_MODULES = YES;
				CLANG_ENABLE_OBJC_ARC = YES;
				CLANG_ENABLE_OBJC_WEAK = YES;
				CLANG_WARN_BLOCK_CAPTURE_AUTORELEASING = YES;
				CLANG_WARN_BOOL_CONVERSION = YES;
				CLANG_WARN_COMMA = YES;
				CLANG_WARN_CONSTANT_CONVERSION = YES;
				CLANG_WARN_DEPRECATED_OBJC_IMPLEMENTATIONS = YES;
				CLANG_WARN_DIRECT_OBJC_ISA_USAGE = YES_ERROR;
				CLANG_WARN_DOCUMENTATION_COMMENTS = YES;
				CLANG_WARN_EMPTY_BODY = YES;
				CLANG_WARN_ENUM_CONVERSION = YES;
				CLANG_WARN_INFINITE_RECURSION = YES;
				CLANG_WARN_INT_CONVERSION = YES;
				CLANG_WARN_NON_LITERAL_NULL_CONVERSION = YES;
				CLANG_WARN_OBJC_IMPLICIT_RETAIN_SELF = YES;
				CLANG_WARN_OBJC_LITERAL_CONVERSION = YES;
				CLANG_WARN_OBJC_ROOT_CLASS = YES_ERROR;
				CLANG_WARN_QUOTED_INCLUDE_IN_FRAMEWORK_HEADER = YES;
				CLANG_WARN_RANGE_LOOP_ANALYSIS = YES;
				CLANG_WARN_STRICT_PROTOTYPES = YES;
				CLANG_WARN_SUSPICIOUS_MOVE = YES;
				CLANG_WARN_UNGUARDED_AVAILABILITY = YES_AGGRESSIVE;
				CLANG_WARN_UNREACHABLE_CODE = YES;
				CLANG_WARN__DUPLICATE_METHOD_MATCH = YES;
				COPY_PHASE_STRIP = NO;
				DEBUG_INFORMATION_FORMAT = "dwarf-with-dsym";
				ENABLE_NS_ASSERTIONS = NO;
				ENABLE_STRICT_OBJC_MSGSEND = YES;
				GCC_C_LANGUAGE_STANDARD = gnu11;
				GCC_NO_COMMON_BLOCKS = YES;
				GCC_WARN_64_TO_32_BIT_CONVERSION = YES;
				GCC_WARN_ABOUT_RETURN_TYPE = YES_ERROR;
				GCC_WARN_UNDECLARED_SELECTOR = YES;
				GCC_WARN_UNINITIALIZED_AUTOS = YES_AGGRESSIVE;
				GCC_WARN_UNUSED_FUNCTION = YES;
				GCC_WARN_UNUSED_VARIABLE = YES;
				IPHONEOS_DEPLOYMENT_TARGET = 14.1;
				MTL_ENABLE_DEBUG_INFO = NO;
				MTL_FAST_MATH = YES;
				SDKROOT = iphoneos;
				SWIFT_COMPILATION_MODE = wholemodule;
				SWIFT_OPTIMIZATION_LEVEL = "-O";
				VALIDATE_PRODUCT = YES;
			};
			name = Release;
		};
		D9CE62612541102D00DA6673 /* Debug */ = {
			isa = XCBuildConfiguration;
			buildSettings = {
				ASSETCATALOG_COMPILER_APPICON_NAME = AppIcon;
				ASSETCATALOG_COMPILER_GLOBAL_ACCENT_COLOR_NAME = AccentColor;
				CODE_SIGN_STYLE = Automatic;
				DEVELOPMENT_TEAM = RGR8SN4X95;
				INFOPLIST_FILE = "Nobel TT/Info.plist";
				LD_RUNPATH_SEARCH_PATHS = (
					"$(inherited)",
					"@executable_path/Frameworks",
				);
				PRODUCT_BUNDLE_IDENTIFIER = "Austin.Turner.Nobel-TT";
				PRODUCT_NAME = "$(TARGET_NAME)";
				SWIFT_VERSION = 5.0;
				TARGETED_DEVICE_FAMILY = 1;
			};
			name = Debug;
		};
		D9CE62622541102D00DA6673 /* Release */ = {
			isa = XCBuildConfiguration;
			buildSettings = {
				ASSETCATALOG_COMPILER_APPICON_NAME = AppIcon;
				ASSETCATALOG_COMPILER_GLOBAL_ACCENT_COLOR_NAME = AccentColor;
				CODE_SIGN_STYLE = Automatic;
				DEVELOPMENT_TEAM = RGR8SN4X95;
				INFOPLIST_FILE = "Nobel TT/Info.plist";
				LD_RUNPATH_SEARCH_PATHS = (
					"$(inherited)",
					"@executable_path/Frameworks",
				);
				PRODUCT_BUNDLE_IDENTIFIER = "Austin.Turner.Nobel-TT";
				PRODUCT_NAME = "$(TARGET_NAME)";
				SWIFT_VERSION = 5.0;
				TARGETED_DEVICE_FAMILY = 1;
			};
			name = Release;
		};
/* End XCBuildConfiguration section */

/* Begin XCConfigurationList section */
		D9CE62472541102C00DA6673 /* Build configuration list for PBXProject "Nobel TT" */ = {
			isa = XCConfigurationList;
			buildConfigurations = (
				D9CE625E2541102D00DA6673 /* Debug */,
				D9CE625F2541102D00DA6673 /* Release */,
			);
			defaultConfigurationIsVisible = 0;
			defaultConfigurationName = Release;
		};
		D9CE62602541102D00DA6673 /* Build configuration list for PBXNativeTarget "Nobel TT" */ = {
			isa = XCConfigurationList;
			buildConfigurations = (
				D9CE62612541102D00DA6673 /* Debug */,
				D9CE62622541102D00DA6673 /* Release */,
			);
			defaultConfigurationIsVisible = 0;
			defaultConfigurationName = Release;
		};
/* End XCConfigurationList section */
	};
	rootObject = D9CE62442541102C00DA6673 /* Project object */;
}
